
Microsoft Visual Studio Solution File, Format Version 12.00
# Visual Studio Version 17
VisualStudioVersion = 17.0.31903.59
MinimumVisualStudioVersion = 10.0.40219.1
Project("{9A19103F-16F7-4668-BE54-9A1E7A4F7556}") = "BuberBreakfast.Contracts", "BuberBreakfast.Contracts\BuberBreakfast.Contracts.csproj", "{80D5D3C3-F1C6-4137-A9E5-71AD27D88328}"
EndProject
Project("{9A19103F-16F7-4668-BE54-9A1E7A4F7556}") = "BuberBreakfast", "BuberBreakfast\BuberBreakfast.csproj", "{35004C87-7089-4A09-8BB7-DCF241ADA726}"
EndProject
Project("{2150E333-8FDC-42A3-9474-1A3956D46DE8}") = "Requests", "Requests", "{2E3669ED-9B1C-49D5-9AB7-A4E734880860}"
EndProject
Project("{2150E333-8FDC-42A3-9474-1A3956D46DE8}") = "Breakfast", "Breakfast", "{D21AA745-F606-495B-B8C7-E29745CA43D5}"
	ProjectSection(SolutionItems) = preProject
		CreateBreakfast.http = CreateBreakfast.http
		DeleteBreakfast.http = DeleteBreakfast.http
		GetBreakfast.http = GetBreakfast.http
		UpsertBreakfast.http = UpsertBreakfast.http
	EndProjectSection
EndProject
Global
	GlobalSection(SolutionConfigurationPlatforms) = preSolution
		Debug|Any CPU = Debug|Any CPU
		Release|Any CPU = Release|Any CPU
	EndGlobalSection
	GlobalSection(ProjectConfigurationPlatforms) = postSolution
		{80D5D3C3-F1C6-4137-A9E5-71AD27D88328}.Debug|Any CPU.ActiveCfg = Debug|Any CPU
		{80D5D3C3-F1C6-4137-A9E5-71AD27D88328}.Debug|Any CPU.Build.0 = Debug|Any CPU
		{80D5D3C3-F1C6-4137-A9E5-71AD27D88328}.Release|Any CPU.ActiveCfg = Release|Any CPU
		{80D5D3C3-F1C6-4137-A9E5-71AD27D88328}.Release|Any CPU.Build.0 = Release|Any CPU
		{35004C87-7089-4A09-8BB7-DCF241ADA726}.Debug|Any CPU.ActiveCfg = Debug|Any CPU
		{35004C87-7089-4A09-8BB7-DCF241ADA726}.Debug|Any CPU.Build.0 = Debug|Any CPU
		{35004C87-7089-4A09-8BB7-DCF241ADA726}.Release|Any CPU.ActiveCfg = Release|Any CPU
		{35004C87-7089-4A09-8BB7-DCF241ADA726}.Release|Any CPU.Build.0 = Release|Any CPU
	EndGlobalSection
	GlobalSection(SolutionProperties) = preSolution
		HideSolutionNode = FALSE
	EndGlobalSection
	GlobalSection(NestedProjects) = preSolution
		{D21AA745-F606-495B-B8C7-E29745CA43D5} = {2E3669ED-9B1C-49D5-9AB7-A4E734880860}
	EndGlobalSection
	GlobalSection(ExtensibilityGlobals) = postSolution
		SolutionGuid = {FBCDD259-4D34-49BF-893C-CF970B0DDC18}
	EndGlobalSection
EndGlobal
