
Microsoft Visual Studio Solution File, Format Version 12.00
# Visual Studio Version 17
VisualStudioVersion = 17.0.31903.59
MinimumVisualStudioVersion = 10.0.40219.1
Project("{FAE04EC0-301F-11D3-BF4B-00C04F79EFBC}") = "BuberBreakfast.Contracts", "BuberBreakfast.Contracts\BuberBreakfast.Contracts.csproj", "{80D5D3C3-F1C6-4137-A9E5-71AD27D88328}"
EndProject
Project("{FAE04EC0-301F-11D3-BF4B-00C04F79EFBC}") = "BuberBreakfast", "BuberBreakfast\BuberBreakfast.csproj", "{35004C87-7089-4A09-8BB7-DCF241ADA726}"
EndProject
Global
	GlobalSection(SolutionConfigurationPlatforms) = preSolution
		Debug|Any CPU = Debug|Any CPU
		Release|Any CPU = Release|Any CPU
	EndGlobalSection
	GlobalSection(SolutionProperties) = preSolution
		HideSolutionNode = FALSE
	EndGlobalSection
	GlobalSection(ProjectConfigurationPlatforms) = postSolution
		{80D5D3C3-F1C6-4137-A9E5-71AD27D88328}.Debug|Any CPU.ActiveCfg = Debug|Any CPU
		{80D5D3C3-F1C6-4137-A9E5-71AD27D88328}.Debug|Any CPU.Build.0 = Debug|Any CPU
		{80D5D3C3-F1C6-4137-A9E5-71AD27D88328}.Release|Any CPU.ActiveCfg = Release|Any CPU
		{80D5D3C3-F1C6-4137-A9E5-71AD27D88328}.Release|Any CPU.Build.0 = Release|Any CPU
		{35004C87-7089-4A09-8BB7-DCF241ADA726}.Debug|Any CPU.ActiveCfg = Debug|Any CPU
		{35004C87-7089-4A09-8BB7-DCF241ADA726}.Debug|Any CPU.Build.0 = Debug|Any CPU
		{35004C87-7089-4A09-8BB7-DCF241ADA726}.Release|Any CPU.ActiveCfg = Release|Any CPU
		{35004C87-7089-4A09-8BB7-DCF241ADA726}.Release|Any CPU.Build.0 = Release|Any CPU
	EndGlobalSection
EndGlobal
